
Microsoft Visual Studio Solution File, Format Version 12.00
# Visual Studio Version 16
VisualStudioVersion = 16.0.29509.3
MinimumVisualStudioVersion = 10.0.40219.1
Project("{9A19103F-16F7-4668-BE54-9A1E7A4F7556}") = "ShoppingCard.Web", "ShoppingCard.Web\ShoppingCard.Web.csproj", "{AD8034A5-C519-4684-90A2-43AECBB1F420}"
EndProject
Project("{9A19103F-16F7-4668-BE54-9A1E7A4F7556}") = "ShoppingCard.Data", "ShoppingCard.Data\ShoppingCard.Data.csproj", "{8EED4602-2AE8-496C-BACE-3778F1A8E00D}"
EndProject
Project("{FAE04EC0-301F-11D3-BF4B-00C04F79EFBC}") = "ShoppingCard.BL", "ShoppingCard.BL\ShoppingCard.BL.csproj", "{5EB1CC3B-77CC-4B6D-AA6D-9C08B46D942C}"
EndProject
Global
	GlobalSection(SolutionConfigurationPlatforms) = preSolution
		Debug|Any CPU = Debug|Any CPU
		Release|Any CPU = Release|Any CPU
	EndGlobalSection
	GlobalSection(ProjectConfigurationPlatforms) = postSolution
		{AD8034A5-C519-4684-90A2-43AECBB1F420}.Debug|Any CPU.ActiveCfg = Debug|Any CPU
		{AD8034A5-C519-4684-90A2-43AECBB1F420}.Debug|Any CPU.Build.0 = Debug|Any CPU
		{AD8034A5-C519-4684-90A2-43AECBB1F420}.Release|Any CPU.ActiveCfg = Release|Any CPU
		{AD8034A5-C519-4684-90A2-43AECBB1F420}.Release|Any CPU.Build.0 = Release|Any CPU
		{8EED4602-2AE8-496C-BACE-3778F1A8E00D}.Debug|Any CPU.ActiveCfg = Debug|Any CPU
		{8EED4602-2AE8-496C-BACE-3778F1A8E00D}.Debug|Any CPU.Build.0 = Debug|Any CPU
		{8EED4602-2AE8-496C-BACE-3778F1A8E00D}.Release|Any CPU.ActiveCfg = Release|Any CPU
		{8EED4602-2AE8-496C-BACE-3778F1A8E00D}.Release|Any CPU.Build.0 = Release|Any CPU
		{5EB1CC3B-77CC-4B6D-AA6D-9C08B46D942C}.Debug|Any CPU.ActiveCfg = Debug|Any CPU
		{5EB1CC3B-77CC-4B6D-AA6D-9C08B46D942C}.Debug|Any CPU.Build.0 = Debug|Any CPU
		{5EB1CC3B-77CC-4B6D-AA6D-9C08B46D942C}.Release|Any CPU.ActiveCfg = Release|Any CPU
		{5EB1CC3B-77CC-4B6D-AA6D-9C08B46D942C}.Release|Any CPU.Build.0 = Release|Any CPU
	EndGlobalSection
	GlobalSection(SolutionProperties) = preSolution
		HideSolutionNode = FALSE
	EndGlobalSection
	GlobalSection(ExtensibilityGlobals) = postSolution
		SolutionGuid = {2140CE2B-335E-405C-80BE-E5731F6E0714}
	EndGlobalSection
EndGlobal
